
Microsoft Visual Studio Solution File, Format Version 12.00
# Visual Studio Version 17
VisualStudioVersion = 17.11.35208.52
MinimumVisualStudioVersion = 10.0.40219.1
Project("{FAE04EC0-301F-11D3-BF4B-00C04F79EFBC}") = "ConsoleApp1.1.1", "ConsoleApp1.1.1.csproj", "{7A24923A-4206-49D7-BD10-A4705D3EECDF}"
EndProject
Global
	GlobalSection(SolutionConfigurationPlatforms) = preSolution
		Debug|Any CPU = Debug|Any CPU
		Release|Any CPU = Release|Any CPU
	EndGlobalSection
	GlobalSection(ProjectConfigurationPlatforms) = postSolution
		{7A24923A-4206-49D7-BD10-A4705D3EECDF}.Debug|Any CPU.ActiveCfg = Debug|Any CPU
		{7A24923A-4206-49D7-BD10-A4705D3EECDF}.Debug|Any CPU.Build.0 = Debug|Any CPU
		{7A24923A-4206-49D7-BD10-A4705D3EECDF}.Release|Any CPU.ActiveCfg = Release|Any CPU
		{7A24923A-4206-49D7-BD10-A4705D3EECDF}.Release|Any CPU.Build.0 = Release|Any CPU
	EndGlobalSection
	GlobalSection(SolutionProperties) = preSolution
		HideSolutionNode = FALSE
	EndGlobalSection
	GlobalSection(ExtensibilityGlobals) = postSolution
		SolutionGuid = {FDAB977D-3867-4289-984A-09135982EF29}
	EndGlobalSection
EndGlobal
